// !$*UTF8*$!
{
	archiveVersion = 1;
	classes = {
	};
	objectVersion = 46;
	objects = {

/* Begin PBXBuildFile section */
		542990051BFD72D600D8ED24 /* Project.m in Sources */ = {isa = PBXBuildFile; fileRef = 542990041BFD72D600D8ED24 /* Project.m */; };
		542990071BFD72FB00D8ED24 /* Entry.m in Sources */ = {isa = PBXBuildFile; fileRef = 542990061BFD72FB00D8ED24 /* Entry.m */; };
		542990091BFE640200D8ED24 /* LoginModal.xib in Resources */ = {isa = PBXBuildFile; fileRef = 542990081BFE640200D8ED24 /* LoginModal.xib */; };
		542990101BFEB22B00D8ED24 /* JNKeychain.m in Sources */ = {isa = PBXBuildFile; fileRef = 5429900F1BFEB22B00D8ED24 /* JNKeychain.m */; };
		542990151C00FC9200D8ED24 /* NSDate+ISO8601.m in Sources */ = {isa = PBXBuildFile; fileRef = 542990141C00FC9200D8ED24 /* NSDate+ISO8601.m */; };
		542990201C012B0F00D8ED24 /* TriangleView.m in Sources */ = {isa = PBXBuildFile; fileRef = 5429901F1C012B0F00D8ED24 /* TriangleView.m */; };
		546FEE211BCF35A800FC960B /* Foundation.framework in Frameworks */ = {isa = PBXBuildFile; fileRef = 546FEE201BCF35A800FC960B /* Foundation.framework */; };
		546FEE231BCF35A800FC960B /* CoreGraphics.framework in Frameworks */ = {isa = PBXBuildFile; fileRef = 546FEE221BCF35A800FC960B /* CoreGraphics.framework */; };
		546FEE251BCF35A800FC960B /* UIKit.framework in Frameworks */ = {isa = PBXBuildFile; fileRef = 546FEE241BCF35A800FC960B /* UIKit.framework */; };
		546FEE2B1BCF35A800FC960B /* InfoPlist.strings in Resources */ = {isa = PBXBuildFile; fileRef = 546FEE291BCF35A800FC960B /* InfoPlist.strings */; };
		546FEE2D1BCF35A800FC960B /* main.m in Sources */ = {isa = PBXBuildFile; fileRef = 546FEE2C1BCF35A800FC960B /* main.m */; };
		546FEE311BCF35A800FC960B /* AppDelegate.m in Sources */ = {isa = PBXBuildFile; fileRef = 546FEE301BCF35A800FC960B /* AppDelegate.m */; };
		546FEE341BCF35A800FC960B /* Main_iPhone.storyboard in Resources */ = {isa = PBXBuildFile; fileRef = 546FEE321BCF35A800FC960B /* Main_iPhone.storyboard */; };
		546FEE3A1BCF35A800FC960B /* MainViewController.m in Sources */ = {isa = PBXBuildFile; fileRef = 546FEE391BCF35A800FC960B /* MainViewController.m */; };
		546FEE3D1BCF35A800FC960B /* LoginModalViewController.m in Sources */ = {isa = PBXBuildFile; fileRef = 546FEE3C1BCF35A800FC960B /* LoginModalViewController.m */; };
		546FEE3F1BCF35A800FC960B /* Images.xcassets in Resources */ = {isa = PBXBuildFile; fileRef = 546FEE3E1BCF35A800FC960B /* Images.xcassets */; };
		546FEE461BCF35A800FC960B /* XCTest.framework in Frameworks */ = {isa = PBXBuildFile; fileRef = 546FEE451BCF35A800FC960B /* XCTest.framework */; };
		546FEE471BCF35A800FC960B /* Foundation.framework in Frameworks */ = {isa = PBXBuildFile; fileRef = 546FEE201BCF35A800FC960B /* Foundation.framework */; };
		546FEE481BCF35A800FC960B /* UIKit.framework in Frameworks */ = {isa = PBXBuildFile; fileRef = 546FEE241BCF35A800FC960B /* UIKit.framework */; };
		546FEE501BCF35A800FC960B /* InfoPlist.strings in Resources */ = {isa = PBXBuildFile; fileRef = 546FEE4E1BCF35A800FC960B /* InfoPlist.strings */; };
		546FEE521BCF35A800FC960B /* toggledTests.m in Sources */ = {isa = PBXBuildFile; fileRef = 546FEE511BCF35A800FC960B /* toggledTests.m */; };
		5471F6CA1BD453F800DB74C8 /* JPSVolumeButtonHandler.m in Sources */ = {isa = PBXBuildFile; fileRef = 5471F6C91BD453F800DB74C8 /* JPSVolumeButtonHandler.m */; };
		5471F6CB1BD453F800DB74C8 /* JPSVolumeButtonHandler.m in Sources */ = {isa = PBXBuildFile; fileRef = 5471F6C91BD453F800DB74C8 /* JPSVolumeButtonHandler.m */; };
		54829EEB1BF81E0800F93A86 /* Security.framework in Frameworks */ = {isa = PBXBuildFile; fileRef = 54829EEA1BF81E0800F93A86 /* Security.framework */; };
		54E1EC841BF9833E00123FDA /* UIButton+BackgroundColor.m in Sources */ = {isa = PBXBuildFile; fileRef = 54E1EC831BF9833E00123FDA /* UIButton+BackgroundColor.m */; };
		54E1EC9A1BF9A37B00123FDA /* MJPopupBackgroundView.m in Sources */ = {isa = PBXBuildFile; fileRef = 54E1EC971BF9A37B00123FDA /* MJPopupBackgroundView.m */; };
		54E1EC9B1BF9A37B00123FDA /* UIViewController+MJPopupViewController.m in Sources */ = {isa = PBXBuildFile; fileRef = 54E1EC991BF9A37B00123FDA /* UIViewController+MJPopupViewController.m */; };
		54E1ECA11BF9A72300123FDA /* SelectTableViewController.m in Sources */ = {isa = PBXBuildFile; fileRef = 54E1ECA01BF9A72300123FDA /* SelectTableViewController.m */; };
/* End PBXBuildFile section */

/* Begin PBXContainerItemProxy section */
		546FEE491BCF35A800FC960B /* PBXContainerItemProxy */ = {
			isa = PBXContainerItemProxy;
			containerPortal = 546FEE151BCF35A800FC960B /* Project object */;
			proxyType = 1;
			remoteGlobalIDString = 546FEE1C1BCF35A800FC960B;
			remoteInfo = toggled;
		};
/* End PBXContainerItemProxy section */

/* Begin PBXFileReference section */
		542990041BFD72D600D8ED24 /* Project.m */ = {isa = PBXFileReference; fileEncoding = 4; lastKnownFileType = sourcecode.c.objc; path = Project.m; sourceTree = "<group>"; };
		542990061BFD72FB00D8ED24 /* Entry.m */ = {isa = PBXFileReference; fileEncoding = 4; lastKnownFileType = sourcecode.c.objc; path = Entry.m; sourceTree = "<group>"; };
		542990081BFE640200D8ED24 /* LoginModal.xib */ = {isa = PBXFileReference; fileEncoding = 4; lastKnownFileType = file.xib; path = LoginModal.xib; sourceTree = "<group>"; };
		5429900E1BFEB21900D8ED24 /* JNKeychain.h */ = {isa = PBXFileReference; lastKnownFileType = sourcecode.c.h; path = JNKeychain.h; sourceTree = "<group>"; };
		5429900F1BFEB22B00D8ED24 /* JNKeychain.m */ = {isa = PBXFileReference; fileEncoding = 4; lastKnownFileType = sourcecode.c.objc; path = JNKeychain.m; sourceTree = "<group>"; };
		542990131C00FC7000D8ED24 /* NSDate+ISO8601.h */ = {isa = PBXFileReference; fileEncoding = 4; lastKnownFileType = sourcecode.c.h; path = "NSDate+ISO8601.h"; sourceTree = "<group>"; };
		542990141C00FC9200D8ED24 /* NSDate+ISO8601.m */ = {isa = PBXFileReference; fileEncoding = 4; lastKnownFileType = sourcecode.c.objc; path = "NSDate+ISO8601.m"; sourceTree = "<group>"; };
		5429901E1C012B0400D8ED24 /* TriangleView.h */ = {isa = PBXFileReference; lastKnownFileType = sourcecode.c.h; path = TriangleView.h; sourceTree = "<group>"; };
		5429901F1C012B0F00D8ED24 /* TriangleView.m */ = {isa = PBXFileReference; fileEncoding = 4; lastKnownFileType = sourcecode.c.objc; path = TriangleView.m; sourceTree = "<group>"; };
		546FEE1D1BCF35A800FC960B /* toggled.app */ = {isa = PBXFileReference; explicitFileType = wrapper.application; includeInIndex = 0; path = toggled.app; sourceTree = BUILT_PRODUCTS_DIR; };
		546FEE201BCF35A800FC960B /* Foundation.framework */ = {isa = PBXFileReference; lastKnownFileType = wrapper.framework; name = Foundation.framework; path = System/Library/Frameworks/Foundation.framework; sourceTree = SDKROOT; };
		546FEE221BCF35A800FC960B /* CoreGraphics.framework */ = {isa = PBXFileReference; lastKnownFileType = wrapper.framework; name = CoreGraphics.framework; path = System/Library/Frameworks/CoreGraphics.framework; sourceTree = SDKROOT; };
		546FEE241BCF35A800FC960B /* UIKit.framework */ = {isa = PBXFileReference; lastKnownFileType = wrapper.framework; name = UIKit.framework; path = System/Library/Frameworks/UIKit.framework; sourceTree = SDKROOT; };
		546FEE281BCF35A800FC960B /* toggled-Info.plist */ = {isa = PBXFileReference; lastKnownFileType = text.plist.xml; path = "toggled-Info.plist"; sourceTree = "<group>"; };
		546FEE2A1BCF35A800FC960B /* en */ = {isa = PBXFileReference; lastKnownFileType = text.plist.strings; name = en; path = en.lproj/InfoPlist.strings; sourceTree = "<group>"; };
		546FEE2C1BCF35A800FC960B /* main.m */ = {isa = PBXFileReference; lastKnownFileType = sourcecode.c.objc; path = main.m; sourceTree = "<group>"; };
		546FEE2E1BCF35A800FC960B /* toggled-Prefix.pch */ = {isa = PBXFileReference; lastKnownFileType = sourcecode.c.h; path = "toggled-Prefix.pch"; sourceTree = "<group>"; };
		546FEE2F1BCF35A800FC960B /* AppDelegate.h */ = {isa = PBXFileReference; lastKnownFileType = sourcecode.c.h; path = AppDelegate.h; sourceTree = "<group>"; };
		546FEE301BCF35A800FC960B /* AppDelegate.m */ = {isa = PBXFileReference; lastKnownFileType = sourcecode.c.objc; path = AppDelegate.m; sourceTree = "<group>"; };
		546FEE331BCF35A800FC960B /* Base */ = {isa = PBXFileReference; lastKnownFileType = file.storyboard; name = Base; path = Base.lproj/Main_iPhone.storyboard; sourceTree = "<group>"; };
		546FEE381BCF35A800FC960B /* MainViewController.h */ = {isa = PBXFileReference; lastKnownFileType = sourcecode.c.h; path = MainViewController.h; sourceTree = "<group>"; };
		546FEE391BCF35A800FC960B /* MainViewController.m */ = {isa = PBXFileReference; lastKnownFileType = sourcecode.c.objc; path = MainViewController.m; sourceTree = "<group>"; };
		546FEE3B1BCF35A800FC960B /* LoginModalViewController.h */ = {isa = PBXFileReference; lastKnownFileType = sourcecode.c.h; path = LoginModalViewController.h; sourceTree = "<group>"; };
		546FEE3C1BCF35A800FC960B /* LoginModalViewController.m */ = {isa = PBXFileReference; lastKnownFileType = sourcecode.c.objc; path = LoginModalViewController.m; sourceTree = "<group>"; };
		546FEE3E1BCF35A800FC960B /* Images.xcassets */ = {isa = PBXFileReference; lastKnownFileType = folder.assetcatalog; path = Images.xcassets; sourceTree = "<group>"; };
		546FEE441BCF35A800FC960B /* toggledTests.xctest */ = {isa = PBXFileReference; explicitFileType = wrapper.cfbundle; includeInIndex = 0; path = toggledTests.xctest; sourceTree = BUILT_PRODUCTS_DIR; };
		546FEE451BCF35A800FC960B /* XCTest.framework */ = {isa = PBXFileReference; lastKnownFileType = wrapper.framework; name = XCTest.framework; path = Library/Frameworks/XCTest.framework; sourceTree = DEVELOPER_DIR; };
		546FEE4D1BCF35A800FC960B /* toggledTests-Info.plist */ = {isa = PBXFileReference; lastKnownFileType = text.plist.xml; path = "toggledTests-Info.plist"; sourceTree = "<group>"; };
		546FEE4F1BCF35A800FC960B /* en */ = {isa = PBXFileReference; lastKnownFileType = text.plist.strings; name = en; path = en.lproj/InfoPlist.strings; sourceTree = "<group>"; };
		546FEE511BCF35A800FC960B /* toggledTests.m */ = {isa = PBXFileReference; lastKnownFileType = sourcecode.c.objc; path = toggledTests.m; sourceTree = "<group>"; };
		5471F6C81BD453F800DB74C8 /* JPSVolumeButtonHandler.h */ = {isa = PBXFileReference; fileEncoding = 4; lastKnownFileType = sourcecode.c.h; path = JPSVolumeButtonHandler.h; sourceTree = "<group>"; };
		5471F6C91BD453F800DB74C8 /* JPSVolumeButtonHandler.m */ = {isa = PBXFileReference; fileEncoding = 4; lastKnownFileType = sourcecode.c.objc; path = JPSVolumeButtonHandler.m; sourceTree = "<group>"; };
		54829EEA1BF81E0800F93A86 /* Security.framework */ = {isa = PBXFileReference; lastKnownFileType = wrapper.framework; name = Security.framework; path = System/Library/Frameworks/Security.framework; sourceTree = SDKROOT; };
		54E1EC821BF9833E00123FDA /* UIButton+BackgroundColor.h */ = {isa = PBXFileReference; fileEncoding = 4; lastKnownFileType = sourcecode.c.h; path = "UIButton+BackgroundColor.h"; sourceTree = "<group>"; };
		54E1EC831BF9833E00123FDA /* UIButton+BackgroundColor.m */ = {isa = PBXFileReference; fileEncoding = 4; lastKnownFileType = sourcecode.c.objc; path = "UIButton+BackgroundColor.m"; sourceTree = "<group>"; };
		54E1EC961BF9A37B00123FDA /* MJPopupBackgroundView.h */ = {isa = PBXFileReference; fileEncoding = 4; lastKnownFileType = sourcecode.c.h; path = MJPopupBackgroundView.h; sourceTree = "<group>"; };
		54E1EC971BF9A37B00123FDA /* MJPopupBackgroundView.m */ = {isa = PBXFileReference; fileEncoding = 4; lastKnownFileType = sourcecode.c.objc; path = MJPopupBackgroundView.m; sourceTree = "<group>"; };
		54E1EC981BF9A37B00123FDA /* UIViewController+MJPopupViewController.h */ = {isa = PBXFileReference; fileEncoding = 4; lastKnownFileType = sourcecode.c.h; path = "UIViewController+MJPopupViewController.h"; sourceTree = "<group>"; };
		54E1EC991BF9A37B00123FDA /* UIViewController+MJPopupViewController.m */ = {isa = PBXFileReference; fileEncoding = 4; lastKnownFileType = sourcecode.c.objc; path = "UIViewController+MJPopupViewController.m"; sourceTree = "<group>"; };
		54E1EC9F1BF9A6DC00123FDA /* SelectTableViewController.h */ = {isa = PBXFileReference; lastKnownFileType = sourcecode.c.h; path = SelectTableViewController.h; sourceTree = "<group>"; };
		54E1ECA01BF9A72300123FDA /* SelectTableViewController.m */ = {isa = PBXFileReference; fileEncoding = 4; lastKnownFileType = sourcecode.c.objc; path = SelectTableViewController.m; sourceTree = "<group>"; };
		54E1ECA61BFBBB0E00123FDA /* Project.h */ = {isa = PBXFileReference; lastKnownFileType = sourcecode.c.h; path = Project.h; sourceTree = "<group>"; };
		54E1ECA71BFBBB2300123FDA /* Entry.h */ = {isa = PBXFileReference; lastKnownFileType = sourcecode.c.h; path = Entry.h; sourceTree = "<group>"; };
/* End PBXFileReference section */

/* Begin PBXFrameworksBuildPhase section */
		546FEE1A1BCF35A800FC960B /* Frameworks */ = {
			isa = PBXFrameworksBuildPhase;
			buildActionMask = 2147483647;
			files = (
				54829EEB1BF81E0800F93A86 /* Security.framework in Frameworks */,
				546FEE231BCF35A800FC960B /* CoreGraphics.framework in Frameworks */,
				546FEE251BCF35A800FC960B /* UIKit.framework in Frameworks */,
				546FEE211BCF35A800FC960B /* Foundation.framework in Frameworks */,
			);
			runOnlyForDeploymentPostprocessing = 0;
		};
		546FEE411BCF35A800FC960B /* Frameworks */ = {
			isa = PBXFrameworksBuildPhase;
			buildActionMask = 2147483647;
			files = (
				546FEE461BCF35A800FC960B /* XCTest.framework in Frameworks */,
				546FEE481BCF35A800FC960B /* UIKit.framework in Frameworks */,
				546FEE471BCF35A800FC960B /* Foundation.framework in Frameworks */,
			);
			runOnlyForDeploymentPostprocessing = 0;
		};
/* End PBXFrameworksBuildPhase section */

/* Begin PBXGroup section */
		5429900A1BFEAEF600D8ED24 /* UIButton+BackgroundColor */ = {
			isa = PBXGroup;
			children = (
				54E1EC821BF9833E00123FDA /* UIButton+BackgroundColor.h */,
				54E1EC831BF9833E00123FDA /* UIButton+BackgroundColor.m */,
			);
			name = "UIButton+BackgroundColor";
			sourceTree = "<group>";
		};
		542990111BFEB24C00D8ED24 /* JNKeychain */ = {
			isa = PBXGroup;
			children = (
				5429900E1BFEB21900D8ED24 /* JNKeychain.h */,
				5429900F1BFEB22B00D8ED24 /* JNKeychain.m */,
			);
			name = JNKeychain;
			sourceTree = "<group>";
		};
		542990161C00FC9F00D8ED24 /* NSDate+ISO8601 */ = {
			isa = PBXGroup;
			children = (
				542990131C00FC7000D8ED24 /* NSDate+ISO8601.h */,
				542990141C00FC9200D8ED24 /* NSDate+ISO8601.m */,
			);
			name = "NSDate+ISO8601";
			sourceTree = "<group>";
		};
		546FEE141BCF35A800FC960B = {
			isa = PBXGroup;
			children = (
				546FEE261BCF35A800FC960B /* toggled */,
				546FEE4B1BCF35A800FC960B /* toggledTests */,
				546FEE1F1BCF35A800FC960B /* Frameworks */,
				546FEE1E1BCF35A800FC960B /* Products */,
			);
			sourceTree = "<group>";
		};
		546FEE1E1BCF35A800FC960B /* Products */ = {
			isa = PBXGroup;
			children = (
				546FEE1D1BCF35A800FC960B /* toggled.app */,
				546FEE441BCF35A800FC960B /* toggledTests.xctest */,
			);
			name = Products;
			sourceTree = "<group>";
		};
		546FEE1F1BCF35A800FC960B /* Frameworks */ = {
			isa = PBXGroup;
			children = (
				54829EEA1BF81E0800F93A86 /* Security.framework */,
				546FEE201BCF35A800FC960B /* Foundation.framework */,
				546FEE221BCF35A800FC960B /* CoreGraphics.framework */,
				546FEE241BCF35A800FC960B /* UIKit.framework */,
				546FEE451BCF35A800FC960B /* XCTest.framework */,
			);
			name = Frameworks;
			sourceTree = "<group>";
		};
		546FEE261BCF35A800FC960B /* toggled */ = {
			isa = PBXGroup;
			children = (
				542990161C00FC9F00D8ED24 /* NSDate+ISO8601 */,
				54E1EC9D1BF9A3E500123FDA /* JPSVolumButtonHanlder */,
				54E1EC9C1BF9A38000123FDA /* MJPopupViewController */,
				5429900A1BFEAEF600D8ED24 /* UIButton+BackgroundColor */,
				542990111BFEB24C00D8ED24 /* JNKeychain */,
				546FEE271BCF35A800FC960B /* Supporting Files */,
				546FEE3E1BCF35A800FC960B /* Images.xcassets */,
				546FEE2F1BCF35A800FC960B /* AppDelegate.h */,
				546FEE301BCF35A800FC960B /* AppDelegate.m */,
				546FEE321BCF35A800FC960B /* Main_iPhone.storyboard */,
				542990081BFE640200D8ED24 /* LoginModal.xib */,
				546FEE381BCF35A800FC960B /* MainViewController.h */,
				546FEE391BCF35A800FC960B /* MainViewController.m */,
				546FEE3B1BCF35A800FC960B /* LoginModalViewController.h */,
				546FEE3C1BCF35A800FC960B /* LoginModalViewController.m */,
				54E1EC9F1BF9A6DC00123FDA /* SelectTableViewController.h */,
				54E1ECA01BF9A72300123FDA /* SelectTableViewController.m */,
				54E1ECA61BFBBB0E00123FDA /* Project.h */,
				542990041BFD72D600D8ED24 /* Project.m */,
				54E1ECA71BFBBB2300123FDA /* Entry.h */,
				542990061BFD72FB00D8ED24 /* Entry.m */,
				5429901E1C012B0400D8ED24 /* TriangleView.h */,
				5429901F1C012B0F00D8ED24 /* TriangleView.m */,
			);
			path = toggled;
			sourceTree = "<group>";
		};
		546FEE271BCF35A800FC960B /* Supporting Files */ = {
			isa = PBXGroup;
			children = (
				546FEE281BCF35A800FC960B /* toggled-Info.plist */,
				546FEE291BCF35A800FC960B /* InfoPlist.strings */,
				546FEE2C1BCF35A800FC960B /* main.m */,
				546FEE2E1BCF35A800FC960B /* toggled-Prefix.pch */,
			);
			name = "Supporting Files";
			sourceTree = "<group>";
		};
		546FEE4B1BCF35A800FC960B /* toggledTests */ = {
			isa = PBXGroup;
			children = (
				546FEE511BCF35A800FC960B /* toggledTests.m */,
				546FEE4C1BCF35A800FC960B /* Supporting Files */,
			);
			path = toggledTests;
			sourceTree = "<group>";
		};
		546FEE4C1BCF35A800FC960B /* Supporting Files */ = {
			isa = PBXGroup;
			children = (
				546FEE4D1BCF35A800FC960B /* toggledTests-Info.plist */,
				546FEE4E1BCF35A800FC960B /* InfoPlist.strings */,
			);
			name = "Supporting Files";
			sourceTree = "<group>";
		};
		54E1EC9C1BF9A38000123FDA /* MJPopupViewController */ = {
			isa = PBXGroup;
			children = (
				54E1EC961BF9A37B00123FDA /* MJPopupBackgroundView.h */,
				54E1EC971BF9A37B00123FDA /* MJPopupBackgroundView.m */,
				54E1EC981BF9A37B00123FDA /* UIViewController+MJPopupViewController.h */,
				54E1EC991BF9A37B00123FDA /* UIViewController+MJPopupViewController.m */,
			);
			name = MJPopupViewController;
			sourceTree = "<group>";
		};
		54E1EC9D1BF9A3E500123FDA /* JPSVolumButtonHanlder */ = {
			isa = PBXGroup;
			children = (
				5471F6C81BD453F800DB74C8 /* JPSVolumeButtonHandler.h */,
				5471F6C91BD453F800DB74C8 /* JPSVolumeButtonHandler.m */,
			);
			name = JPSVolumButtonHanlder;
			sourceTree = "<group>";
		};
/* End PBXGroup section */

/* Begin PBXNativeTarget section */
		546FEE1C1BCF35A800FC960B /* toggled */ = {
			isa = PBXNativeTarget;
			buildConfigurationList = 546FEE551BCF35A800FC960B /* Build configuration list for PBXNativeTarget "toggled" */;
			buildPhases = (
				546FEE191BCF35A800FC960B /* Sources */,
				546FEE1A1BCF35A800FC960B /* Frameworks */,
				546FEE1B1BCF35A800FC960B /* Resources */,
			);
			buildRules = (
			);
			dependencies = (
			);
			name = toggled;
			productName = toggled;
			productReference = 546FEE1D1BCF35A800FC960B /* toggled.app */;
			productType = "com.apple.product-type.application";
		};
		546FEE431BCF35A800FC960B /* toggledTests */ = {
			isa = PBXNativeTarget;
			buildConfigurationList = 546FEE581BCF35A800FC960B /* Build configuration list for PBXNativeTarget "toggledTests" */;
			buildPhases = (
				546FEE401BCF35A800FC960B /* Sources */,
				546FEE411BCF35A800FC960B /* Frameworks */,
				546FEE421BCF35A800FC960B /* Resources */,
			);
			buildRules = (
			);
			dependencies = (
				546FEE4A1BCF35A800FC960B /* PBXTargetDependency */,
			);
			name = toggledTests;
			productName = toggledTests;
			productReference = 546FEE441BCF35A800FC960B /* toggledTests.xctest */;
			productType = "com.apple.product-type.bundle.unit-test";
		};
/* End PBXNativeTarget section */

/* Begin PBXProject section */
		546FEE151BCF35A800FC960B /* Project object */ = {
			isa = PBXProject;
			attributes = {
				CLASSPREFIX = "";
				LastUpgradeCheck = 0700;
				ORGANIZATIONNAME = "Seth Rylan Gainey";
				TargetAttributes = {
					546FEE1C1BCF35A800FC960B = {
						DevelopmentTeam = NFR8P9R343;
					};
					546FEE431BCF35A800FC960B = {
						TestTargetID = 546FEE1C1BCF35A800FC960B;
					};
				};
			};
			buildConfigurationList = 546FEE181BCF35A800FC960B /* Build configuration list for PBXProject "toggled" */;
			compatibilityVersion = "Xcode 3.2";
			developmentRegion = English;
			hasScannedForEncodings = 0;
			knownRegions = (
				en,
				Base,
			);
			mainGroup = 546FEE141BCF35A800FC960B;
			productRefGroup = 546FEE1E1BCF35A800FC960B /* Products */;
			projectDirPath = "";
			projectRoot = "";
			targets = (
				546FEE1C1BCF35A800FC960B /* toggled */,
				546FEE431BCF35A800FC960B /* toggledTests */,
			);
		};
/* End PBXProject section */

/* Begin PBXResourcesBuildPhase section */
		546FEE1B1BCF35A800FC960B /* Resources */ = {
			isa = PBXResourcesBuildPhase;
			buildActionMask = 2147483647;
			files = (
				546FEE3F1BCF35A800FC960B /* Images.xcassets in Resources */,
				542990091BFE640200D8ED24 /* LoginModal.xib in Resources */,
				546FEE341BCF35A800FC960B /* Main_iPhone.storyboard in Resources */,
				546FEE2B1BCF35A800FC960B /* InfoPlist.strings in Resources */,
			);
			runOnlyForDeploymentPostprocessing = 0;
		};
		546FEE421BCF35A800FC960B /* Resources */ = {
			isa = PBXResourcesBuildPhase;
			buildActionMask = 2147483647;
			files = (
				546FEE501BCF35A800FC960B /* InfoPlist.strings in Resources */,
			);
			runOnlyForDeploymentPostprocessing = 0;
		};
/* End PBXResourcesBuildPhase section */

/* Begin PBXSourcesBuildPhase section */
		546FEE191BCF35A800FC960B /* Sources */ = {
			isa = PBXSourcesBuildPhase;
			buildActionMask = 2147483647;
			files = (
				542990201C012B0F00D8ED24 /* TriangleView.m in Sources */,
				542990071BFD72FB00D8ED24 /* Entry.m in Sources */,
				542990101BFEB22B00D8ED24 /* JNKeychain.m in Sources */,
				54E1EC9A1BF9A37B00123FDA /* MJPopupBackgroundView.m in Sources */,
				546FEE2D1BCF35A800FC960B /* main.m in Sources */,
				54E1ECA11BF9A72300123FDA /* SelectTableViewController.m in Sources */,
				542990051BFD72D600D8ED24 /* Project.m in Sources */,
				54E1EC841BF9833E00123FDA /* UIButton+BackgroundColor.m in Sources */,
				546FEE3D1BCF35A800FC960B /* LoginModalViewController.m in Sources */,
				546FEE311BCF35A800FC960B /* AppDelegate.m in Sources */,
				546FEE3A1BCF35A800FC960B /* MainViewController.m in Sources */,
				542990151C00FC9200D8ED24 /* NSDate+ISO8601.m in Sources */,
				5471F6CA1BD453F800DB74C8 /* JPSVolumeButtonHandler.m in Sources */,
				54E1EC9B1BF9A37B00123FDA /* UIViewController+MJPopupViewController.m in Sources */,
			);
			runOnlyForDeploymentPostprocessing = 0;
		};
		546FEE401BCF35A800FC960B /* Sources */ = {
			isa = PBXSourcesBuildPhase;
			buildActionMask = 2147483647;
			files = (
				5471F6CB1BD453F800DB74C8 /* JPSVolumeButtonHandler.m in Sources */,
				546FEE521BCF35A800FC960B /* toggledTests.m in Sources */,
			);
			runOnlyForDeploymentPostprocessing = 0;
		};
/* End PBXSourcesBuildPhase section */

/* Begin PBXTargetDependency section */
		546FEE4A1BCF35A800FC960B /* PBXTargetDependency */ = {
			isa = PBXTargetDependency;
			target = 546FEE1C1BCF35A800FC960B /* toggled */;
			targetProxy = 546FEE491BCF35A800FC960B /* PBXContainerItemProxy */;
		};
/* End PBXTargetDependency section */

/* Begin PBXVariantGroup section */
		546FEE291BCF35A800FC960B /* InfoPlist.strings */ = {
			isa = PBXVariantGroup;
			children = (
				546FEE2A1BCF35A800FC960B /* en */,
			);
			name = InfoPlist.strings;
			sourceTree = "<group>";
		};
		546FEE321BCF35A800FC960B /* Main_iPhone.storyboard */ = {
			isa = PBXVariantGroup;
			children = (
				546FEE331BCF35A800FC960B /* Base */,
			);
			name = Main_iPhone.storyboard;
			sourceTree = "<group>";
		};
		546FEE4E1BCF35A800FC960B /* InfoPlist.strings */ = {
			isa = PBXVariantGroup;
			children = (
				546FEE4F1BCF35A800FC960B /* en */,
			);
			name = InfoPlist.strings;
			sourceTree = "<group>";
		};
/* End PBXVariantGroup section */

/* Begin XCBuildConfiguration section */
		546FEE531BCF35A800FC960B /* Debug */ = {
			isa = XCBuildConfiguration;
			buildSettings = {
				ALWAYS_SEARCH_USER_PATHS = NO;
				CLANG_CXX_LANGUAGE_STANDARD = "gnu++0x";
				CLANG_CXX_LIBRARY = "libc++";
				CLANG_ENABLE_MODULES = YES;
				CLANG_ENABLE_OBJC_ARC = YES;
				CLANG_WARN_BOOL_CONVERSION = YES;
				CLANG_WARN_CONSTANT_CONVERSION = YES;
				CLANG_WARN_DIRECT_OBJC_ISA_USAGE = YES_ERROR;
				CLANG_WARN_EMPTY_BODY = YES;
				CLANG_WARN_ENUM_CONVERSION = YES;
				CLANG_WARN_INT_CONVERSION = YES;
				CLANG_WARN_OBJC_ROOT_CLASS = YES_ERROR;
				CLANG_WARN__DUPLICATE_METHOD_MATCH = YES;
				"CODE_SIGN_IDENTITY[sdk=iphoneos*]" = "iPhone Developer";
				COPY_PHASE_STRIP = NO;
				ENABLE_TESTABILITY = YES;
				GCC_C_LANGUAGE_STANDARD = gnu99;
				GCC_DYNAMIC_NO_PIC = NO;
				GCC_OPTIMIZATION_LEVEL = 0;
				GCC_PREPROCESSOR_DEFINITIONS = (
					"DEBUG=1",
					"$(inherited)",
				);
				GCC_SYMBOLS_PRIVATE_EXTERN = NO;
				GCC_WARN_64_TO_32_BIT_CONVERSION = YES;
				GCC_WARN_ABOUT_RETURN_TYPE = YES_ERROR;
				GCC_WARN_UNDECLARED_SELECTOR = YES;
				GCC_WARN_UNINITIALIZED_AUTOS = YES;
				GCC_WARN_UNUSED_FUNCTION = YES;
				GCC_WARN_UNUSED_VARIABLE = YES;
				IPHONEOS_DEPLOYMENT_TARGET = 9.0;
				ONLY_ACTIVE_ARCH = YES;
				SDKROOT = iphoneos;
				TARGETED_DEVICE_FAMILY = "1,2";
			};
			name = Debug;
		};
		546FEE541BCF35A800FC960B /* Release */ = {
			isa = XCBuildConfiguration;
			buildSettings = {
				ALWAYS_SEARCH_USER_PATHS = NO;
				CLANG_CXX_LANGUAGE_STANDARD = "gnu++0x";
				CLANG_CXX_LIBRARY = "libc++";
				CLANG_ENABLE_MODULES = YES;
				CLANG_ENABLE_OBJC_ARC = YES;
				CLANG_WARN_BOOL_CONVERSION = YES;
				CLANG_WARN_CONSTANT_CONVERSION = YES;
				CLANG_WARN_DIRECT_OBJC_ISA_USAGE = YES_ERROR;
				CLANG_WARN_EMPTY_BODY = YES;
				CLANG_WARN_ENUM_CONVERSION = YES;
				CLANG_WARN_INT_CONVERSION = YES;
				CLANG_WARN_OBJC_ROOT_CLASS = YES_ERROR;
				CLANG_WARN__DUPLICATE_METHOD_MATCH = YES;
				"CODE_SIGN_IDENTITY[sdk=iphoneos*]" = "iPhone Developer";
				COPY_PHASE_STRIP = YES;
				ENABLE_NS_ASSERTIONS = NO;
				GCC_C_LANGUAGE_STANDARD = gnu99;
				GCC_WARN_64_TO_32_BIT_CONVERSION = YES;
				GCC_WARN_ABOUT_RETURN_TYPE = YES_ERROR;
				GCC_WARN_UNDECLARED_SELECTOR = YES;
				GCC_WARN_UNINITIALIZED_AUTOS = YES;
				GCC_WARN_UNUSED_FUNCTION = YES;
				GCC_WARN_UNUSED_VARIABLE = YES;
				IPHONEOS_DEPLOYMENT_TARGET = 9.0;
				SDKROOT = iphoneos;
				TARGETED_DEVICE_FAMILY = "1,2";
				VALIDATE_PRODUCT = YES;
			};
			name = Release;
		};
		546FEE561BCF35A800FC960B /* Debug */ = {
			isa = XCBuildConfiguration;
			buildSettings = {
				ASSETCATALOG_COMPILER_APPICON_NAME = AppIcon;
				ASSETCATALOG_COMPILER_LAUNCHIMAGE_NAME = LaunchImage;
				CODE_SIGN_IDENTITY = "iPhone Developer";
				"CODE_SIGN_IDENTITY[sdk=iphoneos*]" = "iPhone Developer";
				GCC_PRECOMPILE_PREFIX_HEADER = YES;
				GCC_PREFIX_HEADER = "toggled/toggled-Prefix.pch";
				INFOPLIST_FILE = "toggled/toggled-Info.plist";
				PRODUCT_BUNDLE_IDENTIFIER = "org.lenition.${PRODUCT_NAME:rfc1034identifier}";
				PRODUCT_NAME = "$(TARGET_NAME)";
				PROVISIONING_PROFILE = "";
				TARGETED_DEVICE_FAMILY = 1;
				WRAPPER_EXTENSION = app;
			};
			name = Debug;
		};
		546FEE571BCF35A800FC960B /* Release */ = {
			isa = XCBuildConfiguration;
			buildSettings = {
				ASSETCATALOG_COMPILER_APPICON_NAME = AppIcon;
				ASSETCATALOG_COMPILER_LAUNCHIMAGE_NAME = LaunchImage;
				CODE_SIGN_IDENTITY = "iPhone Developer";
				"CODE_SIGN_IDENTITY[sdk=iphoneos*]" = "iPhone Developer";
				GCC_PRECOMPILE_PREFIX_HEADER = YES;
				GCC_PREFIX_HEADER = "toggled/toggled-Prefix.pch";
				INFOPLIST_FILE = "toggled/toggled-Info.plist";
				PRODUCT_BUNDLE_IDENTIFIER = "org.lenition.${PRODUCT_NAME:rfc1034identifier}";
				PRODUCT_NAME = "$(TARGET_NAME)";
				PROVISIONING_PROFILE = "";
				TARGETED_DEVICE_FAMILY = 1;
				WRAPPER_EXTENSION = app;
			};
			name = Release;
		};
		546FEE591BCF35A800FC960B /* Debug */ = {
			isa = XCBuildConfiguration;
			buildSettings = {
				BUNDLE_LOADER = "$(TEST_HOST)";
				FRAMEWORK_SEARCH_PATHS = (
					"$(SDKROOT)/Developer/Library/Frameworks",
					"$(inherited)",
					"$(DEVELOPER_FRAMEWORKS_DIR)",
				);
				GCC_PRECOMPILE_PREFIX_HEADER = YES;
				GCC_PREFIX_HEADER = "toggled/toggled-Prefix.pch";
				GCC_PREPROCESSOR_DEFINITIONS = (
					"DEBUG=1",
					"$(inherited)",
				);
				INFOPLIST_FILE = "toggledTests/toggledTests-Info.plist";
				PRODUCT_BUNDLE_IDENTIFIER = "org.lenition.${PRODUCT_NAME:rfc1034identifier}";
				PRODUCT_NAME = "$(TARGET_NAME)";
				TEST_HOST = "$(BUILT_PRODUCTS_DIR)/toggled.app/toggled";
				WRAPPER_EXTENSION = xctest;
			};
			name = Debug;
		};
		546FEE5A1BCF35A800FC960B /* Release */ = {
			isa = XCBuildConfiguration;
			buildSettings = {
				BUNDLE_LOADER = "$(TEST_HOST)";
				FRAMEWORK_SEARCH_PATHS = (
					"$(SDKROOT)/Developer/Library/Frameworks",
					"$(inherited)",
					"$(DEVELOPER_FRAMEWORKS_DIR)",
				);
				GCC_PRECOMPILE_PREFIX_HEADER = YES;
				GCC_PREFIX_HEADER = "toggled/toggled-Prefix.pch";
				INFOPLIST_FILE = "toggledTests/toggledTests-Info.plist";
				PRODUCT_BUNDLE_IDENTIFIER = "org.lenition.${PRODUCT_NAME:rfc1034identifier}";
				PRODUCT_NAME = "$(TARGET_NAME)";
				TEST_HOST = "$(BUILT_PRODUCTS_DIR)/toggled.app/toggled";
				WRAPPER_EXTENSION = xctest;
			};
			name = Release;
		};
/* End XCBuildConfiguration section */

/* Begin XCConfigurationList section */
		546FEE181BCF35A800FC960B /* Build configuration list for PBXProject "toggled" */ = {
			isa = XCConfigurationList;
			buildConfigurations = (
				546FEE531BCF35A800FC960B /* Debug */,
				546FEE541BCF35A800FC960B /* Release */,
			);
			defaultConfigurationIsVisible = 0;
			defaultConfigurationName = Release;
		};
		546FEE551BCF35A800FC960B /* Build configuration list for PBXNativeTarget "toggled" */ = {
			isa = XCConfigurationList;
			buildConfigurations = (
				546FEE561BCF35A800FC960B /* Debug */,
				546FEE571BCF35A800FC960B /* Release */,
			);
			defaultConfigurationIsVisible = 0;
			defaultConfigurationName = Release;
		};
		546FEE581BCF35A800FC960B /* Build configuration list for PBXNativeTarget "toggledTests" */ = {
			isa = XCConfigurationList;
			buildConfigurations = (
				546FEE591BCF35A800FC960B /* Debug */,
				546FEE5A1BCF35A800FC960B /* Release */,
			);
			defaultConfigurationIsVisible = 0;
			defaultConfigurationName = Release;
		};
/* End XCConfigurationList section */
	};
	rootObject = 546FEE151BCF35A800FC960B /* Project object */;
}
